Microsoft Visual Studio Solution File, Format Version 11.00
# Visual Studio 2008

Project("{C62C16C2-6143-F2BD-3F9E-A4A74C1D7B03}") = "unity-mission-demolition-master", "Assembly-CSharp.csproj", "{48146240-2C1D-791C-AC6E-4338F56FDFA0}"
EndProject
Global
	GlobalSection(SolutionConfigurationPlatforms) = preSolution
		Debug|Any CPU = Debug|Any CPU
		Release|Any CPU = Release|Any CPU
	EndGlobalSection
	GlobalSection(ProjectConfigurationPlatforms) = postSolution
		{48146240-2C1D-791C-AC6E-4338F56FDFA0}.Debug|Any CPU.ActiveCfg = Debug|Any CPU
		{48146240-2C1D-791C-AC6E-4338F56FDFA0}.Debug|Any CPU.Build.0 = Debug|Any CPU
		{48146240-2C1D-791C-AC6E-4338F56FDFA0}.Release|Any CPU.ActiveCfg = Release|Any CPU
		{48146240-2C1D-791C-AC6E-4338F56FDFA0}.Release|Any CPU.Build.0 = Release|Any CPU
	EndGlobalSection
	GlobalSection(SolutionProperties) = preSolution
		HideSolutionNode = FALSE
	EndGlobalSection
	GlobalSection(MonoDevelopProperties) = preSolution
		StartupItem = Assembly-CSharp.csproj
	EndGlobalSection
EndGlobal
